
Microsoft Visual Studio Solution File, Format Version 12.00
# Visual Studio Version 17
VisualStudioVersion = 17.8.34408.163
MinimumVisualStudioVersion = 10.0.40219.1
Project("{FAE04EC0-301F-11D3-BF4B-00C04F79EFBC}") = "Matematico", "Matematico.csproj", "{54AE751F-BC4B-4190-89CD-5951ECCEF159}"
EndProject
Global
	GlobalSection(SolutionConfigurationPlatforms) = preSolution
		Debug|Any CPU = Debug|Any CPU
		Release|Any CPU = Release|Any CPU
	EndGlobalSection
	GlobalSection(ProjectConfigurationPlatforms) = postSolution
		{54AE751F-BC4B-4190-89CD-5951ECCEF159}.Debug|Any CPU.ActiveCfg = Debug|Any CPU
		{54AE751F-BC4B-4190-89CD-5951ECCEF159}.Debug|Any CPU.Build.0 = Debug|Any CPU
		{54AE751F-BC4B-4190-89CD-5951ECCEF159}.Release|Any CPU.ActiveCfg = Release|Any CPU
		{54AE751F-BC4B-4190-89CD-5951ECCEF159}.Release|Any CPU.Build.0 = Release|Any CPU
	EndGlobalSection
	GlobalSection(SolutionProperties) = preSolution
		HideSolutionNode = FALSE
	EndGlobalSection
	GlobalSection(ExtensibilityGlobals) = postSolution
		SolutionGuid = {38135AAE-A75D-4082-973A-42368CAC8A2A}
	EndGlobalSection
EndGlobal
